// !$*UTF8*$!
{
	archiveVersion = 1;
	classes = {
	};
	objectVersion = 56;
	objects = {

/* Begin PBXBuildFile section */
		D21F88F72C86147700715569 /* Operator.swift in Sources */ = {isa = PBXBuildFile; fileRef = D21F88F62C86147700715569 /* Operator.swift */; };
		D21F88F92C8854D500715569 /* Destination.swift in Sources */ = {isa = PBXBuildFile; fileRef = D21F88F82C8854D500715569 /* Destination.swift */; };
		D2F3394D2C7F916800B47570 /* MentalMath.swift in Sources */ = {isa = PBXBuildFile; fileRef = D2F3394C2C7F916800B47570 /* MentalMath.swift */; };
		D2F3394F2C7F916800B47570 /* MulMenuView.swift in Sources */ = {isa = PBXBuildFile; fileRef = D2F3394E2C7F916800B47570 /* MulMenuView.swift */; };
		D2F339512C7F916A00B47570 /* Assets.xcassets in Resources */ = {isa = PBXBuildFile; fileRef = D2F339502C7F916A00B47570 /* Assets.xcassets */; };
		D2F339542C7F916A00B47570 /* Preview Assets.xcassets in Resources */ = {isa = PBXBuildFile; fileRef = D2F339532C7F916A00B47570 /* Preview Assets.xcassets */; };
		D2F3395D2C7F928500B47570 /* MulTableView.swift in Sources */ = {isa = PBXBuildFile; fileRef = D2F3395C2C7F928500B47570 /* MulTableView.swift */; };
		D2F3395F2C7F94FA00B47570 /* CalculateView.swift in Sources */ = {isa = PBXBuildFile; fileRef = D2F3395E2C7F94FA00B47570 /* CalculateView.swift */; };
		D2F339612C7F993E00B47570 /* CalculateViewModel.swift in Sources */ = {isa = PBXBuildFile; fileRef = D2F339602C7F993E00B47570 /* CalculateViewModel.swift */; };
		D2F339632C80693300B47570 /* ViewModifiers.swift in Sources */ = {isa = PBXBuildFile; fileRef = D2F339622C80693300B47570 /* ViewModifiers.swift */; };
		D2F339652C808E1400B47570 /* ViewExtension.swift in Sources */ = {isa = PBXBuildFile; fileRef = D2F339642C808E1400B47570 /* ViewExtension.swift */; };
		D2F339672C8163B800B47570 /* BackButtonView.swift in Sources */ = {isa = PBXBuildFile; fileRef = D2F339662C8163B800B47570 /* BackButtonView.swift */; };
		D2F3396A2C844FD200B47570 /* ControllerExtension.swift in Sources */ = {isa = PBXBuildFile; fileRef = D2F339692C844FD200B47570 /* ControllerExtension.swift */; };
		D2F3396F2C8553D100B47570 /* RandomView.swift in Sources */ = {isa = PBXBuildFile; fileRef = D2F3396E2C8553D100B47570 /* RandomView.swift */; };
		D2F339712C85556600B47570 /* MainView.swift in Sources */ = {isa = PBXBuildFile; fileRef = D2F339702C85556600B47570 /* MainView.swift */; };
		D2F339732C8563D900B47570 /* ToolbarModifier.swift in Sources */ = {isa = PBXBuildFile; fileRef = D2F339722C8563D900B47570 /* ToolbarModifier.swift */; };
/* End PBXBuildFile section */

/* Begin PBXFileReference section */
		D21F88F62C86147700715569 /* Operator.swift */ = {isa = PBXFileReference; lastKnownFileType = sourcecode.swift; path = Operator.swift; sourceTree = "<group>"; };
		D21F88F82C8854D500715569 /* Destination.swift */ = {isa = PBXFileReference; lastKnownFileType = sourcecode.swift; path = Destination.swift; sourceTree = "<group>"; };
		D2F339492C7F916800B47570 /* MentalMath.app */ = {isa = PBXFileReference; explicitFileType = wrapper.application; includeInIndex = 0; path = MentalMath.app; sourceTree = BUILT_PRODUCTS_DIR; };
		D2F3394C2C7F916800B47570 /* MentalMath.swift */ = {isa = PBXFileReference; lastKnownFileType = sourcecode.swift; path = MentalMath.swift; sourceTree = "<group>"; };
		D2F3394E2C7F916800B47570 /* MulMenuView.swift */ = {isa = PBXFileReference; lastKnownFileType = sourcecode.swift; path = MulMenuView.swift; sourceTree = "<group>"; };
		D2F339502C7F916A00B47570 /* Assets.xcassets */ = {isa = PBXFileReference; lastKnownFileType = folder.assetcatalog; path = Assets.xcassets; sourceTree = "<group>"; };
		D2F339532C7F916A00B47570 /* Preview Assets.xcassets */ = {isa = PBXFileReference; lastKnownFileType = folder.assetcatalog; path = "Preview Assets.xcassets"; sourceTree = "<group>"; };
		D2F3395C2C7F928500B47570 /* MulTableView.swift */ = {isa = PBXFileReference; lastKnownFileType = sourcecode.swift; path = MulTableView.swift; sourceTree = "<group>"; };
		D2F3395E2C7F94FA00B47570 /* CalculateView.swift */ = {isa = PBXFileReference; lastKnownFileType = sourcecode.swift; path = CalculateView.swift; sourceTree = "<group>"; };
		D2F339602C7F993E00B47570 /* CalculateViewModel.swift */ = {isa = PBXFileReference; lastKnownFileType = sourcecode.swift; path = CalculateViewModel.swift; sourceTree = "<group>"; };
		D2F339622C80693300B47570 /* ViewModifiers.swift */ = {isa = PBXFileReference; lastKnownFileType = sourcecode.swift; path = ViewModifiers.swift; sourceTree = "<group>"; };
		D2F339642C808E1400B47570 /* ViewExtension.swift */ = {isa = PBXFileReference; lastKnownFileType = sourcecode.swift; path = ViewExtension.swift; sourceTree = "<group>"; };
		D2F339662C8163B800B47570 /* BackButtonView.swift */ = {isa = PBXFileReference; lastKnownFileType = sourcecode.swift; path = BackButtonView.swift; sourceTree = "<group>"; };
		D2F339692C844FD200B47570 /* ControllerExtension.swift */ = {isa = PBXFileReference; lastKnownFileType = sourcecode.swift; path = ControllerExtension.swift; sourceTree = "<group>"; };
		D2F3396C2C84D8BE00B47570 /* Info.plist */ = {isa = PBXFileReference; lastKnownFileType = text.plist; path = Info.plist; sourceTree = "<group>"; };
		D2F3396E2C8553D100B47570 /* RandomView.swift */ = {isa = PBXFileReference; lastKnownFileType = sourcecode.swift; path = RandomView.swift; sourceTree = "<group>"; };
		D2F339702C85556600B47570 /* MainView.swift */ = {isa = PBXFileReference; lastKnownFileType = sourcecode.swift; path = MainView.swift; sourceTree = "<group>"; };
		D2F339722C8563D900B47570 /* ToolbarModifier.swift */ = {isa = PBXFileReference; lastKnownFileType = sourcecode.swift; path = ToolbarModifier.swift; sourceTree = "<group>"; };
/* End PBXFileReference section */

/* Begin PBXFrameworksBuildPhase section */
		D2F339462C7F916800B47570 /* Frameworks */ = {
			isa = PBXFrameworksBuildPhase;
			buildActionMask = 2147483647;
			files = (
			);
			runOnlyForDeploymentPostprocessing = 0;
		};
/* End PBXFrameworksBuildPhase section */

/* Begin PBXGroup section */
		D2F339402C7F916800B47570 = {
			isa = PBXGroup;
			children = (
				D2F3394B2C7F916800B47570 /* MentalMath */,
				D2F3394A2C7F916800B47570 /* Products */,
			);
			sourceTree = "<group>";
		};
		D2F3394A2C7F916800B47570 /* Products */ = {
			isa = PBXGroup;
			children = (
				D2F339492C7F916800B47570 /* MentalMath.app */,
			);
			name = Products;
			sourceTree = "<group>";
		};
		D2F3394B2C7F916800B47570 /* MentalMath */ = {
			isa = PBXGroup;
			children = (
				D2F3396C2C84D8BE00B47570 /* Info.plist */,
				D2F3394C2C7F916800B47570 /* MentalMath.swift */,
				D2F339702C85556600B47570 /* MainView.swift */,
				D2F3394E2C7F916800B47570 /* MulMenuView.swift */,
				D2F3395C2C7F928500B47570 /* MulTableView.swift */,
				D2F3395E2C7F94FA00B47570 /* CalculateView.swift */,
				D2F339602C7F993E00B47570 /* CalculateViewModel.swift */,
				D2F3396E2C8553D100B47570 /* RandomView.swift */,
				D21F88F62C86147700715569 /* Operator.swift */,
				D21F88F82C8854D500715569 /* Destination.swift */,
				D2F3396D2C85515B00B47570 /* Styles */,
				D2F3396B2C844FDE00B47570 /* Extensions */,
				D2F339502C7F916A00B47570 /* Assets.xcassets */,
				D2F339522C7F916A00B47570 /* Preview Content */,
			);
			path = MentalMath;
			sourceTree = "<group>";
		};
		D2F339522C7F916A00B47570 /* Preview Content */ = {
			isa = PBXGroup;
			children = (
				D2F339532C7F916A00B47570 /* Preview Assets.xcassets */,
			);
			path = "Preview Content";
			sourceTree = "<group>";
		};
		D2F3396B2C844FDE00B47570 /* Extensions */ = {
			isa = PBXGroup;
			children = (
				D2F339642C808E1400B47570 /* ViewExtension.swift */,
				D2F339692C844FD200B47570 /* ControllerExtension.swift */,
			);
			path = Extensions;
			sourceTree = "<group>";
		};
		D2F3396D2C85515B00B47570 /* Styles */ = {
			isa = PBXGroup;
			children = (
				D2F339662C8163B800B47570 /* BackButtonView.swift */,
				D2F339622C80693300B47570 /* ViewModifiers.swift */,
				D2F339722C8563D900B47570 /* ToolbarModifier.swift */,
			);
			path = Styles;
			sourceTree = "<group>";
		};
/* End PBXGroup section */

/* Begin PBXNativeTarget section */
		D2F339482C7F916800B47570 /* MentalMath */ = {
			isa = PBXNativeTarget;
			buildConfigurationList = D2F339572C7F916A00B47570 /* Build configuration list for PBXNativeTarget "MentalMath" */;
			buildPhases = (
				D2F339452C7F916800B47570 /* Sources */,
				D2F339462C7F916800B47570 /* Frameworks */,
				D2F339472C7F916800B47570 /* Resources */,
			);
			buildRules = (
			);
			dependencies = (
			);
			name = MentalMath;
			productName = MathMastery;
			productReference = D2F339492C7F916800B47570 /* MentalMath.app */;
			productType = "com.apple.product-type.application";
		};
/* End PBXNativeTarget section */

/* Begin PBXProject section */
		D2F339412C7F916800B47570 /* Project object */ = {
			isa = PBXProject;
			attributes = {
				BuildIndependentTargetsInParallel = 1;
				LastSwiftUpdateCheck = 1530;
				LastUpgradeCheck = 1530;
				TargetAttributes = {
					D2F339482C7F916800B47570 = {
						CreatedOnToolsVersion = 15.3;
					};
				};
			};
			buildConfigurationList = D2F339442C7F916800B47570 /* Build configuration list for PBXProject "MentalMath" */;
			compatibilityVersion = "Xcode 14.0";
			developmentRegion = en;
			hasScannedForEncodings = 0;
			knownRegions = (
				en,
				Base,
			);
			mainGroup = D2F339402C7F916800B47570;
			productRefGroup = D2F3394A2C7F916800B47570 /* Products */;
			projectDirPath = "";
			projectRoot = "";
			targets = (
				D2F339482C7F916800B47570 /* MentalMath */,
			);
		};
/* End PBXProject section */

/* Begin PBXResourcesBuildPhase section */
		D2F339472C7F916800B47570 /* Resources */ = {
			isa = PBXResourcesBuildPhase;
			buildActionMask = 2147483647;
			files = (
				D2F339542C7F916A00B47570 /* Preview Assets.xcassets in Resources */,
				D2F339512C7F916A00B47570 /* Assets.xcassets in Resources */,
			);
			runOnlyForDeploymentPostprocessing = 0;
		};
/* End PBXResourcesBuildPhase section */

/* Begin PBXSourcesBuildPhase section */
		D2F339452C7F916800B47570 /* Sources */ = {
			isa = PBXSourcesBuildPhase;
			buildActionMask = 2147483647;
			files = (
				D2F3395D2C7F928500B47570 /* MulTableView.swift in Sources */,
				D2F339612C7F993E00B47570 /* CalculateViewModel.swift in Sources */,
				D2F3394F2C7F916800B47570 /* MulMenuView.swift in Sources */,
				D2F3396F2C8553D100B47570 /* RandomView.swift in Sources */,
				D2F339672C8163B800B47570 /* BackButtonView.swift in Sources */,
				D2F3396A2C844FD200B47570 /* ControllerExtension.swift in Sources */,
				D21F88F92C8854D500715569 /* Destination.swift in Sources */,
				D2F339652C808E1400B47570 /* ViewExtension.swift in Sources */,
				D2F339712C85556600B47570 /* MainView.swift in Sources */,
				D2F3394D2C7F916800B47570 /* MentalMath.swift in Sources */,
				D21F88F72C86147700715569 /* Operator.swift in Sources */,
				D2F3395F2C7F94FA00B47570 /* CalculateView.swift in Sources */,
				D2F339732C8563D900B47570 /* ToolbarModifier.swift in Sources */,
				D2F339632C80693300B47570 /* ViewModifiers.swift in Sources */,
			);
			runOnlyForDeploymentPostprocessing = 0;
		};
/* End PBXSourcesBuildPhase section */

/* Begin XCBuildConfiguration section */
		D2F339552C7F916A00B47570 /* Debug */ = {
			isa = XCBuildConfiguration;
			buildSettings = {
				ALWAYS_SEARCH_USER_PATHS = NO;
				ASSETCATALOG_COMPILER_GENERATE_SWIFT_ASSET_SYMBOL_EXTENSIONS = YES;
				CLANG_ANALYZER_NONNULL = YES;
				CLANG_ANALYZER_NUMBER_OBJECT_CONVERSION = YES_AGGRESSIVE;
				CLANG_CXX_LANGUAGE_STANDARD = "gnu++20";
				CLANG_ENABLE_MODULES = YES;
				CLANG_ENABLE_OBJC_ARC = YES;
				CLANG_ENABLE_OBJC_WEAK = YES;
				CLANG_WARN_BLOCK_CAPTURE_AUTORELEASING = YES;
				CLANG_WARN_BOOL_CONVERSION = YES;
				CLANG_WARN_COMMA = YES;
				CLANG_WARN_CONSTANT_CONVERSION = YES;
				CLANG_WARN_DEPRECATED_OBJC_IMPLEMENTATIONS = YES;
				CLANG_WARN_DIRECT_OBJC_ISA_USAGE = YES_ERROR;
				CLANG_WARN_DOCUMENTATION_COMMENTS = YES;
				CLANG_WARN_EMPTY_BODY = YES;
				CLANG_WARN_ENUM_CONVERSION = YES;
				CLANG_WARN_INFINITE_RECURSION = YES;
				CLANG_WARN_INT_CONVERSION = YES;
				CLANG_WARN_NON_LITERAL_NULL_CONVERSION = YES;
				CLANG_WARN_OBJC_IMPLICIT_RETAIN_SELF = YES;
				CLANG_WARN_OBJC_LITERAL_CONVERSION = YES;
				CLANG_WARN_OBJC_ROOT_CLASS = YES_ERROR;
				CLANG_WARN_QUOTED_INCLUDE_IN_FRAMEWORK_HEADER = YES;
				CLANG_WARN_RANGE_LOOP_ANALYSIS = YES;
				CLANG_WARN_STRICT_PROTOTYPES = YES;
				CLANG_WARN_SUSPICIOUS_MOVE = YES;
				CLANG_WARN_UNGUARDED_AVAILABILITY = YES_AGGRESSIVE;
				CLANG_WARN_UNREACHABLE_CODE = YES;
				CLANG_WARN__DUPLICATE_METHOD_MATCH = YES;
				COPY_PHASE_STRIP = NO;
				DEBUG_INFORMATION_FORMAT = dwarf;
				ENABLE_STRICT_OBJC_MSGSEND = YES;
				ENABLE_TESTABILITY = YES;
				ENABLE_USER_SCRIPT_SANDBOXING = YES;
				GCC_C_LANGUAGE_STANDARD = gnu17;
				GCC_DYNAMIC_NO_PIC = NO;
				GCC_NO_COMMON_BLOCKS = YES;
				GCC_OPTIMIZATION_LEVEL = 0;
				GCC_PREPROCESSOR_DEFINITIONS = (
					"DEBUG=1",
					"$(inherited)",
				);
				GCC_WARN_64_TO_32_BIT_CONVERSION = YES;
				GCC_WARN_ABOUT_RETURN_TYPE = YES_ERROR;
				GCC_WARN_UNDECLARED_SELECTOR = YES;
				GCC_WARN_UNINITIALIZED_AUTOS = YES_AGGRESSIVE;
				GCC_WARN_UNUSED_FUNCTION = YES;
				GCC_WARN_UNUSED_VARIABLE = YES;
				IPHONEOS_DEPLOYMENT_TARGET = 17.4;
				LOCALIZATION_PREFERS_STRING_CATALOGS = YES;
				MTL_ENABLE_DEBUG_INFO = INCLUDE_SOURCE;
				MTL_FAST_MATH = YES;
				ONLY_ACTIVE_ARCH = YES;
				SDKROOT = iphoneos;
				SWIFT_ACTIVE_COMPILATION_CONDITIONS = "DEBUG $(inherited)";
				SWIFT_OPTIMIZATION_LEVEL = "-Onone";
			};
			name = Debug;
		};
		D2F339562C7F916A00B47570 /* Release */ = {
			isa = XCBuildConfiguration;
			buildSettings = {
				ALWAYS_SEARCH_USER_PATHS = NO;
				ASSETCATALOG_COMPILER_GENERATE_SWIFT_ASSET_SYMBOL_EXTENSIONS = YES;
				CLANG_ANALYZER_NONNULL = YES;
				CLANG_ANALYZER_NUMBER_OBJECT_CONVERSION = YES_AGGRESSIVE;
				CLANG_CXX_LANGUAGE_STANDARD = "gnu++20";
				CLANG_ENABLE_MODULES = YES;
				CLANG_ENABLE_OBJC_ARC = YES;
				CLANG_ENABLE_OBJC_WEAK = YES;
				CLANG_WARN_BLOCK_CAPTURE_AUTORELEASING = YES;
				CLANG_WARN_BOOL_CONVERSION = YES;
				CLANG_WARN_COMMA = YES;
				CLANG_WARN_CONSTANT_CONVERSION = YES;
				CLANG_WARN_DEPRECATED_OBJC_IMPLEMENTATIONS = YES;
				CLANG_WARN_DIRECT_OBJC_ISA_USAGE = YES_ERROR;
				CLANG_WARN_DOCUMENTATION_COMMENTS = YES;
				CLANG_WARN_EMPTY_BODY = YES;
				CLANG_WARN_ENUM_CONVERSION = YES;
				CLANG_WARN_INFINITE_RECURSION = YES;
				CLANG_WARN_INT_CONVERSION = YES;
				CLANG_WARN_NON_LITERAL_NULL_CONVERSION = YES;
				CLANG_WARN_OBJC_IMPLICIT_RETAIN_SELF = YES;
				CLANG_WARN_OBJC_LITERAL_CONVERSION = YES;
				CLANG_WARN_OBJC_ROOT_CLASS = YES_ERROR;
				CLANG_WARN_QUOTED_INCLUDE_IN_FRAMEWORK_HEADER = YES;
				CLANG_WARN_RANGE_LOOP_ANALYSIS = YES;
				CLANG_WARN_STRICT_PROTOTYPES = YES;
				CLANG_WARN_SUSPICIOUS_MOVE = YES;
				CLANG_WARN_UNGUARDED_AVAILABILITY = YES_AGGRESSIVE;
				CLANG_WARN_UNREACHABLE_CODE = YES;
				CLANG_WARN__DUPLICATE_METHOD_MATCH = YES;
				COPY_PHASE_STRIP = NO;
				DEBUG_INFORMATION_FORMAT = "dwarf-with-dsym";
				ENABLE_NS_ASSERTIONS = NO;
				ENABLE_STRICT_OBJC_MSGSEND = YES;
				ENABLE_USER_SCRIPT_SANDBOXING = YES;
				GCC_C_LANGUAGE_STANDARD = gnu17;
				GCC_NO_COMMON_BLOCKS = YES;
				GCC_WARN_64_TO_32_BIT_CONVERSION = YES;
				GCC_WARN_ABOUT_RETURN_TYPE = YES_ERROR;
				GCC_WARN_UNDECLARED_SELECTOR = YES;
				GCC_WARN_UNINITIALIZED_AUTOS = YES_AGGRESSIVE;
				GCC_WARN_UNUSED_FUNCTION = YES;
				GCC_WARN_UNUSED_VARIABLE = YES;
				IPHONEOS_DEPLOYMENT_TARGET = 17.4;
				LOCALIZATION_PREFERS_STRING_CATALOGS = YES;
				MTL_ENABLE_DEBUG_INFO = NO;
				MTL_FAST_MATH = YES;
				SDKROOT = iphoneos;
				SWIFT_COMPILATION_MODE = wholemodule;
				VALIDATE_PRODUCT = YES;
			};
			name = Release;
		};
		D2F339582C7F916A00B47570 /* Debug */ = {
			isa = XCBuildConfiguration;
			buildSettings = {
				ASSETCATALOG_COMPILER_APPICON_NAME = AppIcon;
				ASSETCATALOG_COMPILER_GLOBAL_ACCENT_COLOR_NAME = AccentColor;
				CODE_SIGN_IDENTITY = "Apple Development";
				CODE_SIGN_STYLE = Automatic;
				CURRENT_PROJECT_VERSION = 5;
				DEVELOPMENT_ASSET_PATHS = "\"MentalMath/Preview Content\"";
				DEVELOPMENT_TEAM = 8383VR3NFP;
				ENABLE_PREVIEWS = YES;
				GENERATE_INFOPLIST_FILE = YES;
				INFOPLIST_FILE = MentalMath/Info.plist;
				INFOPLIST_KEY_CFBundleDisplayName = MentalMath;
				INFOPLIST_KEY_LSApplicationCategoryType = "public.app-category.education";
				INFOPLIST_KEY_UIApplicationSceneManifest_Generation = YES;
				INFOPLIST_KEY_UIApplicationSupportsIndirectInputEvents = YES;
				INFOPLIST_KEY_UILaunchScreen_Generation = YES;
				INFOPLIST_KEY_UISupportedInterfaceOrientations_iPad = "UIInterfaceOrientationPortrait UIInterfaceOrientationPortraitUpsideDown UIInterfaceOrientationLandscapeLeft UIInterfaceOrientationLandscapeRight";
				INFOPLIST_KEY_UISupportedInterfaceOrientations_iPhone = "UIInterfaceOrientationPortrait UIInterfaceOrientationLandscapeLeft UIInterfaceOrientationLandscapeRight";
				INFOPLIST_KEY_UIUserInterfaceStyle = Light;
				IPHONEOS_DEPLOYMENT_TARGET = 17.0;
				LD_RUNPATH_SEARCH_PATHS = (
					"$(inherited)",
					"@executable_path/Frameworks",
				);
				MARKETING_VERSION = 1.0.1;
				PRODUCT_BUNDLE_IDENTIFIER = com.mminy62.MentalMath;
				PRODUCT_NAME = "$(TARGET_NAME)";
				PROVISIONING_PROFILE_SPECIFIER = "";
				SWIFT_EMIT_LOC_STRINGS = YES;
				SWIFT_VERSION = 5.0;
				TARGETED_DEVICE_FAMILY = "1,2";
			};
			name = Debug;
		};
		D2F339592C7F916A00B47570 /* Release */ = {
			isa = XCBuildConfiguration;
			buildSettings = {
				ASSETCATALOG_COMPILER_APPICON_NAME = AppIcon;
				ASSETCATALOG_COMPILER_GLOBAL_ACCENT_COLOR_NAME = AccentColor;
				CODE_SIGN_IDENTITY = "Apple Development";
				CODE_SIGN_STYLE = Automatic;
				CURRENT_PROJECT_VERSION = 5;
				DEVELOPMENT_ASSET_PATHS = "\"MentalMath/Preview Content\"";
				DEVELOPMENT_TEAM = 8383VR3NFP;
				ENABLE_PREVIEWS = YES;
				GENERATE_INFOPLIST_FILE = YES;
				INFOPLIST_FILE = MentalMath/Info.plist;
				INFOPLIST_KEY_CFBundleDisplayName = MentalMath;
				INFOPLIST_KEY_LSApplicationCategoryType = "public.app-category.education";
				INFOPLIST_KEY_UIApplicationSceneManifest_Generation = YES;
				INFOPLIST_KEY_UIApplicationSupportsIndirectInputEvents = YES;
				INFOPLIST_KEY_UILaunchScreen_Generation = YES;
				INFOPLIST_KEY_UISupportedInterfaceOrientations_iPad = "UIInterfaceOrientationPortrait UIInterfaceOrientationPortraitUpsideDown UIInterfaceOrientationLandscapeLeft UIInterfaceOrientationLandscapeRight";
				INFOPLIST_KEY_UISupportedInterfaceOrientations_iPhone = "UIInterfaceOrientationPortrait UIInterfaceOrientationLandscapeLeft UIInterfaceOrientationLandscapeRight";
				INFOPLIST_KEY_UIUserInterfaceStyle = Light;
				IPHONEOS_DEPLOYMENT_TARGET = 17.0;
				LD_RUNPATH_SEARCH_PATHS = (
					"$(inherited)",
					"@executable_path/Frameworks",
				);
				MARKETING_VERSION = 1.0.1;
				PRODUCT_BUNDLE_IDENTIFIER = com.mminy62.MentalMath;
				PRODUCT_NAME = "$(TARGET_NAME)";
				PROVISIONING_PROFILE_SPECIFIER = "";
				SWIFT_EMIT_LOC_STRINGS = YES;
				SWIFT_VERSION = 5.0;
				TARGETED_DEVICE_FAMILY = "1,2";
			};
			name = Release;
		};
/* End XCBuildConfiguration section */

/* Begin XCConfigurationList section */
		D2F339442C7F916800B47570 /* Build configuration list for PBXProject "MentalMath" */ = {
			isa = XCConfigurationList;
			buildConfigurations = (
				D2F339552C7F916A00B47570 /* Debug */,
				D2F339562C7F916A00B47570 /* Release */,
			);
			defaultConfigurationIsVisible = 0;
			defaultConfigurationName = Release;
		};
		D2F339572C7F916A00B47570 /* Build configuration list for PBXNativeTarget "MentalMath" */ = {
			isa = XCConfigurationList;
			buildConfigurations = (
				D2F339582C7F916A00B47570 /* Debug */,
				D2F339592C7F916A00B47570 /* Release */,
			);
			defaultConfigurationIsVisible = 0;
			defaultConfigurationName = Release;
		};
/* End XCConfigurationList section */
	};
	rootObject = D2F339412C7F916800B47570 /* Project object */;
}
